
Microsoft Visual Studio Solution File, Format Version 12.00
# Visual Studio Version 17
VisualStudioVersion = 17.7.34031.279
MinimumVisualStudioVersion = 10.0.40219.1
Project("{FAE04EC0-301F-11D3-BF4B-00C04F79EFBC}") = "Modul6", "Modul6\Modul6.csproj", "{6BEB1002-4177-4EEB-BFCD-163D0A10165B}"
EndProject
Global
	GlobalSection(SolutionConfigurationPlatforms) = preSolution
		Debug|Any CPU = Debug|Any CPU
		Release|Any CPU = Release|Any CPU
	EndGlobalSection
	GlobalSection(ProjectConfigurationPlatforms) = postSolution
		{6BEB1002-4177-4EEB-BFCD-163D0A10165B}.Debug|Any CPU.ActiveCfg = Debug|Any CPU
		{6BEB1002-4177-4EEB-BFCD-163D0A10165B}.Debug|Any CPU.Build.0 = Debug|Any CPU
		{6BEB1002-4177-4EEB-BFCD-163D0A10165B}.Release|Any CPU.ActiveCfg = Release|Any CPU
		{6BEB1002-4177-4EEB-BFCD-163D0A10165B}.Release|Any CPU.Build.0 = Release|Any CPU
	EndGlobalSection
	GlobalSection(SolutionProperties) = preSolution
		HideSolutionNode = FALSE
	EndGlobalSection
	GlobalSection(ExtensibilityGlobals) = postSolution
		SolutionGuid = {7D9B1CEB-BEB5-465F-806C-1B0D7318444C}
	EndGlobalSection
EndGlobal
